
Microsoft Visual Studio Solution File, Format Version 12.00
# Visual Studio Version 17
VisualStudioVersion = 17.4.33103.184
MinimumVisualStudioVersion = 10.0.40219.1
Project("{FAE04EC0-301F-11D3-BF4B-00C04F79EFBC}") = "TriangleAreaForms", "TriangleAreaForms\TriangleAreaForms.csproj", "{35295CBA-B7EB-4956-8874-F3E04CE4B278}"
EndProject
Global
	GlobalSection(SolutionConfigurationPlatforms) = preSolution
		Debug|Any CPU = Debug|Any CPU
		Release|Any CPU = Release|Any CPU
	EndGlobalSection
	GlobalSection(ProjectConfigurationPlatforms) = postSolution
		{35295CBA-B7EB-4956-8874-F3E04CE4B278}.Debug|Any CPU.ActiveCfg = Debug|Any CPU
		{35295CBA-B7EB-4956-8874-F3E04CE4B278}.Debug|Any CPU.Build.0 = Debug|Any CPU
		{35295CBA-B7EB-4956-8874-F3E04CE4B278}.Release|Any CPU.ActiveCfg = Release|Any CPU
		{35295CBA-B7EB-4956-8874-F3E04CE4B278}.Release|Any CPU.Build.0 = Release|Any CPU
	EndGlobalSection
	GlobalSection(SolutionProperties) = preSolution
		HideSolutionNode = FALSE
	EndGlobalSection
	GlobalSection(ExtensibilityGlobals) = postSolution
		SolutionGuid = {005F9C7A-B552-4071-96A9-E3BDAA475F57}
	EndGlobalSection
EndGlobal
